{
  "name": "walletwatcher",
  "version": "1.0.0",
  "lockfileVersion": 1,
  "requires": true,
  "dependencies": {
    "bitx": {
      "version": "1.5.1",
      "resolved": "https://registry.npmjs.org/bitx/-/bitx-1.5.1.tgz",
      "integrity": "sha1-+h9cYuhIEFse1Pj2tIIwd4jmMq0="
    },
    "kraken-api-wrapper": {
      "version": "0.1.1",
      "resolved": "https://registry.npmjs.org/kraken-api-wrapper/-/kraken-api-wrapper-0.1.1.tgz",
      "integrity": "sha1-6ov/eLTKTA4CnD/4VIA1PjyPLkw="
    }
  }
}
